
Microsoft Visual Studio Solution File, Format Version 12.00
# Visual Studio Version 17
VisualStudioVersion = 17.9.34728.123
MinimumVisualStudioVersion = 10.0.40219.1
Project("{FAE04EC0-301F-11D3-BF4B-00C04F79EFBC}") = "task04", "task04\task04.csproj", "{A41F1289-1B29-40B5-B56A-908E481275A3}"
EndProject
Global
	GlobalSection(SolutionConfigurationPlatforms) = preSolution
		Debug|Any CPU = Debug|Any CPU
		Release|Any CPU = Release|Any CPU
	EndGlobalSection
	GlobalSection(ProjectConfigurationPlatforms) = postSolution
		{A41F1289-1B29-40B5-B56A-908E481275A3}.Debug|Any CPU.ActiveCfg = Debug|Any CPU
		{A41F1289-1B29-40B5-B56A-908E481275A3}.Debug|Any CPU.Build.0 = Debug|Any CPU
		{A41F1289-1B29-40B5-B56A-908E481275A3}.Release|Any CPU.ActiveCfg = Release|Any CPU
		{A41F1289-1B29-40B5-B56A-908E481275A3}.Release|Any CPU.Build.0 = Release|Any CPU
	EndGlobalSection
	GlobalSection(SolutionProperties) = preSolution
		HideSolutionNode = FALSE
	EndGlobalSection
	GlobalSection(ExtensibilityGlobals) = postSolution
		SolutionGuid = {1B57724C-5B1C-4EC0-990E-1FDB5519F093}
	EndGlobalSection
EndGlobal
